// !$*UTF8*$!
{
	archiveVersion = 1;
	classes = {
	};
	objectVersion = 50;
	objects = {

/* Begin PBXBuildFile section */
		4BC307DA2180DE8900C2C496 /* ParserError.swift in Sources */ = {isa = PBXBuildFile; fileRef = 4BC307D92180DE8900C2C496 /* ParserError.swift */; };
		4BC307DC2180E6F300C2C496 /* Parser+Parckets.swift in Sources */ = {isa = PBXBuildFile; fileRef = 4BC307DB2180E6F300C2C496 /* Parser+Parckets.swift */; };
		4BC307DE218600A700C2C496 /* Parser+PropertyListener.swift in Sources */ = {isa = PBXBuildFile; fileRef = 4BC307DD218600A700C2C496 /* Parser+PropertyListener.swift */; };
		4BC307E12186017500C2C496 /* Reader.swift in Sources */ = {isa = PBXBuildFile; fileRef = 4BC307E02186017500C2C496 /* Reader.swift */; };
		4BC307E3218602C800C2C496 /* ReaderError.swift in Sources */ = {isa = PBXBuildFile; fileRef = 4BC307E2218602C800C2C496 /* ReaderError.swift */; };
		4BC307E52186032800C2C496 /* ReadableProtocol.swift in Sources */ = {isa = PBXBuildFile; fileRef = 4BC307E42186032800C2C496 /* ReadableProtocol.swift */; };
		4BC307E82186063700C2C496 /* Reader+Converter.swift in Sources */ = {isa = PBXBuildFile; fileRef = 4BC307E72186063700C2C496 /* Reader+Converter.swift */; };
		4BD9D3C1217E2BBA000073B4 /* AppDelegate.swift in Sources */ = {isa = PBXBuildFile; fileRef = 4BD9D3C0217E2BBA000073B4 /* AppDelegate.swift */; };
		4BD9D3C3217E2BBA000073B4 /* ViewController.swift in Sources */ = {isa = PBXBuildFile; fileRef = 4BD9D3C2217E2BBA000073B4 /* ViewController.swift */; };
		4BD9D3C6217E2BBA000073B4 /* Main.storyboard in Resources */ = {isa = PBXBuildFile; fileRef = 4BD9D3C4217E2BBA000073B4 /* Main.storyboard */; };
		4BD9D3C8217E2BBC000073B4 /* Assets.xcassets in Resources */ = {isa = PBXBuildFile; fileRef = 4BD9D3C7217E2BBC000073B4 /* Assets.xcassets */; };
		4BD9D3CB217E2BBC000073B4 /* LaunchScreen.storyboard in Resources */ = {isa = PBXBuildFile; fileRef = 4BD9D3C9217E2BBC000073B4 /* LaunchScreen.storyboard */; };
		4BD9D3D6217E2BBC000073B4 /* simplePlayerTests.swift in Sources */ = {isa = PBXBuildFile; fileRef = 4BD9D3D5217E2BBC000073B4 /* simplePlayerTests.swift */; };
		4BD9D3E5217E35C2000073B4 /* hihat.wav in Resources */ = {isa = PBXBuildFile; fileRef = 4BD9D3E4217E35C2000073B4 /* hihat.wav */; };
		4BD9D3E7217E3A38000073B4 /* DownloadableProtocol.swift in Sources */ = {isa = PBXBuildFile; fileRef = 4BD9D3E6217E3A38000073B4 /* DownloadableProtocol.swift */; };
		4BD9D3E9217E3AF0000073B4 /* DownloadableDelegateProtocol.swift in Sources */ = {isa = PBXBuildFile; fileRef = 4BD9D3E8217E3AF0000073B4 /* DownloadableDelegateProtocol.swift */; };
		4BD9D3EB217E3B21000073B4 /* DownloadableState.swift in Sources */ = {isa = PBXBuildFile; fileRef = 4BD9D3EA217E3B21000073B4 /* DownloadableState.swift */; };
		4BD9D3EE217E3B72000073B4 /* Downloader.swift in Sources */ = {isa = PBXBuildFile; fileRef = 4BD9D3ED217E3B72000073B4 /* Downloader.swift */; };
		4BD9D3F1217E50FE000073B4 /* ParsableProtocol.swift in Sources */ = {isa = PBXBuildFile; fileRef = 4BD9D3F0217E50FE000073B4 /* ParsableProtocol.swift */; };
		4BD9D3F3217E547D000073B4 /* Parser.swift in Sources */ = {isa = PBXBuildFile; fileRef = 4BD9D3F2217E547D000073B4 /* Parser.swift */; };
/* End PBXBuildFile section */

/* Begin PBXContainerItemProxy section */
		4BD9D3D2217E2BBC000073B4 /* PBXContainerItemProxy */ = {
			isa = PBXContainerItemProxy;
			containerPortal = 4BD9D3B5217E2BB9000073B4 /* Project object */;
			proxyType = 1;
			remoteGlobalIDString = 4BD9D3BC217E2BBA000073B4;
			remoteInfo = simplePlayer;
		};
/* End PBXContainerItemProxy section */

/* Begin PBXFileReference section */
		4BC307D92180DE8900C2C496 /* ParserError.swift */ = {isa = PBXFileReference; lastKnownFileType = sourcecode.swift; path = ParserError.swift; sourceTree = "<group>"; };
		4BC307DB2180E6F300C2C496 /* Parser+Parckets.swift */ = {isa = PBXFileReference; lastKnownFileType = sourcecode.swift; path = "Parser+Parckets.swift"; sourceTree = "<group>"; };
		4BC307DD218600A700C2C496 /* Parser+PropertyListener.swift */ = {isa = PBXFileReference; lastKnownFileType = sourcecode.swift; path = "Parser+PropertyListener.swift"; sourceTree = "<group>"; };
		4BC307E02186017500C2C496 /* Reader.swift */ = {isa = PBXFileReference; lastKnownFileType = sourcecode.swift; path = Reader.swift; sourceTree = "<group>"; };
		4BC307E2218602C800C2C496 /* ReaderError.swift */ = {isa = PBXFileReference; lastKnownFileType = sourcecode.swift; path = ReaderError.swift; sourceTree = "<group>"; };
		4BC307E42186032800C2C496 /* ReadableProtocol.swift */ = {isa = PBXFileReference; lastKnownFileType = sourcecode.swift; path = ReadableProtocol.swift; sourceTree = "<group>"; };
		4BC307E72186063700C2C496 /* Reader+Converter.swift */ = {isa = PBXFileReference; lastKnownFileType = sourcecode.swift; path = "Reader+Converter.swift"; sourceTree = "<group>"; };
		4BD9D3BD217E2BBA000073B4 /* simplePlayer.app */ = {isa = PBXFileReference; explicitFileType = wrapper.application; includeInIndex = 0; path = simplePlayer.app; sourceTree = BUILT_PRODUCTS_DIR; };
		4BD9D3C0217E2BBA000073B4 /* AppDelegate.swift */ = {isa = PBXFileReference; lastKnownFileType = sourcecode.swift; path = AppDelegate.swift; sourceTree = "<group>"; };
		4BD9D3C2217E2BBA000073B4 /* ViewController.swift */ = {isa = PBXFileReference; lastKnownFileType = sourcecode.swift; path = ViewController.swift; sourceTree = "<group>"; };
		4BD9D3C5217E2BBA000073B4 /* Base */ = {isa = PBXFileReference; lastKnownFileType = file.storyboard; name = Base; path = Base.lproj/Main.storyboard; sourceTree = "<group>"; };
		4BD9D3C7217E2BBC000073B4 /* Assets.xcassets */ = {isa = PBXFileReference; lastKnownFileType = folder.assetcatalog; path = Assets.xcassets; sourceTree = "<group>"; };
		4BD9D3CA217E2BBC000073B4 /* Base */ = {isa = PBXFileReference; lastKnownFileType = file.storyboard; name = Base; path = Base.lproj/LaunchScreen.storyboard; sourceTree = "<group>"; };
		4BD9D3CC217E2BBC000073B4 /* Info.plist */ = {isa = PBXFileReference; lastKnownFileType = text.plist.xml; path = Info.plist; sourceTree = "<group>"; };
		4BD9D3D1217E2BBC000073B4 /* simplePlayerTests.xctest */ = {isa = PBXFileReference; explicitFileType = wrapper.cfbundle; includeInIndex = 0; path = simplePlayerTests.xctest; sourceTree = BUILT_PRODUCTS_DIR; };
		4BD9D3D5217E2BBC000073B4 /* simplePlayerTests.swift */ = {isa = PBXFileReference; lastKnownFileType = sourcecode.swift; path = simplePlayerTests.swift; sourceTree = "<group>"; };
		4BD9D3D7217E2BBC000073B4 /* Info.plist */ = {isa = PBXFileReference; lastKnownFileType = text.plist.xml; path = Info.plist; sourceTree = "<group>"; };
		4BD9D3E4217E35C2000073B4 /* hihat.wav */ = {isa = PBXFileReference; lastKnownFileType = audio.wav; path = hihat.wav; sourceTree = "<group>"; };
		4BD9D3E6217E3A38000073B4 /* DownloadableProtocol.swift */ = {isa = PBXFileReference; lastKnownFileType = sourcecode.swift; path = DownloadableProtocol.swift; sourceTree = "<group>"; };
		4BD9D3E8217E3AF0000073B4 /* DownloadableDelegateProtocol.swift */ = {isa = PBXFileReference; lastKnownFileType = sourcecode.swift; path = DownloadableDelegateProtocol.swift; sourceTree = "<group>"; };
		4BD9D3EA217E3B21000073B4 /* DownloadableState.swift */ = {isa = PBXFileReference; lastKnownFileType = sourcecode.swift; path = DownloadableState.swift; sourceTree = "<group>"; };
		4BD9D3ED217E3B72000073B4 /* Downloader.swift */ = {isa = PBXFileReference; lastKnownFileType = sourcecode.swift; path = Downloader.swift; sourceTree = "<group>"; };
		4BD9D3F0217E50FE000073B4 /* ParsableProtocol.swift */ = {isa = PBXFileReference; lastKnownFileType = sourcecode.swift; path = ParsableProtocol.swift; sourceTree = "<group>"; };
		4BD9D3F2217E547D000073B4 /* Parser.swift */ = {isa = PBXFileReference; lastKnownFileType = sourcecode.swift; path = Parser.swift; sourceTree = "<group>"; };
/* End PBXFileReference section */

/* Begin PBXFrameworksBuildPhase section */
		4BD9D3BA217E2BBA000073B4 /* Frameworks */ = {
			isa = PBXFrameworksBuildPhase;
			buildActionMask = 2147483647;
			files = (
			);
			runOnlyForDeploymentPostprocessing = 0;
		};
		4BD9D3CE217E2BBC000073B4 /* Frameworks */ = {
			isa = PBXFrameworksBuildPhase;
			buildActionMask = 2147483647;
			files = (
			);
			runOnlyForDeploymentPostprocessing = 0;
		};
/* End PBXFrameworksBuildPhase section */

/* Begin PBXGroup section */
		4BC307DF2186015800C2C496 /* Reader */ = {
			isa = PBXGroup;
			children = (
				4BC307E02186017500C2C496 /* Reader.swift */,
				4BC307E72186063700C2C496 /* Reader+Converter.swift */,
				4BC307E2218602C800C2C496 /* ReaderError.swift */,
				4BC307E42186032800C2C496 /* ReadableProtocol.swift */,
			);
			path = Reader;
			sourceTree = "<group>";
		};
		4BC307E92186087700C2C496 /* Streamable */ = {
			isa = PBXGroup;
			children = (
			);
			path = Streamable;
			sourceTree = "<group>";
		};
		4BD9D3B4217E2BB9000073B4 = {
			isa = PBXGroup;
			children = (
				4BD9D3BF217E2BBA000073B4 /* simplePlayer */,
				4BD9D3D4217E2BBC000073B4 /* simplePlayerTests */,
				4BD9D3BE217E2BBA000073B4 /* Products */,
				4BD9D3E4217E35C2000073B4 /* hihat.wav */,
			);
			sourceTree = "<group>";
		};
		4BD9D3BE217E2BBA000073B4 /* Products */ = {
			isa = PBXGroup;
			children = (
				4BD9D3BD217E2BBA000073B4 /* simplePlayer.app */,
				4BD9D3D1217E2BBC000073B4 /* simplePlayerTests.xctest */,
			);
			name = Products;
			sourceTree = "<group>";
		};
		4BD9D3BF217E2BBA000073B4 /* simplePlayer */ = {
			isa = PBXGroup;
			children = (
				4BC307E92186087700C2C496 /* Streamable */,
				4BC307DF2186015800C2C496 /* Reader */,
				4BD9D3EF217E50D0000073B4 /* Parsable */,
				4BD9D3EC217E3B30000073B4 /* Downloadable */,
				4BD9D3C0217E2BBA000073B4 /* AppDelegate.swift */,
				4BD9D3C2217E2BBA000073B4 /* ViewController.swift */,
				4BD9D3C4217E2BBA000073B4 /* Main.storyboard */,
				4BD9D3C7217E2BBC000073B4 /* Assets.xcassets */,
				4BD9D3C9217E2BBC000073B4 /* LaunchScreen.storyboard */,
				4BD9D3CC217E2BBC000073B4 /* Info.plist */,
			);
			path = simplePlayer;
			sourceTree = "<group>";
		};
		4BD9D3D4217E2BBC000073B4 /* simplePlayerTests */ = {
			isa = PBXGroup;
			children = (
				4BD9D3D5217E2BBC000073B4 /* simplePlayerTests.swift */,
				4BD9D3D7217E2BBC000073B4 /* Info.plist */,
			);
			path = simplePlayerTests;
			sourceTree = "<group>";
		};
		4BD9D3EC217E3B30000073B4 /* Downloadable */ = {
			isa = PBXGroup;
			children = (
				4BD9D3EA217E3B21000073B4 /* DownloadableState.swift */,
				4BD9D3E8217E3AF0000073B4 /* DownloadableDelegateProtocol.swift */,
				4BD9D3E6217E3A38000073B4 /* DownloadableProtocol.swift */,
				4BD9D3ED217E3B72000073B4 /* Downloader.swift */,
			);
			path = Downloadable;
			sourceTree = "<group>";
		};
		4BD9D3EF217E50D0000073B4 /* Parsable */ = {
			isa = PBXGroup;
			children = (
				4BD9D3F2217E547D000073B4 /* Parser.swift */,
				4BD9D3F0217E50FE000073B4 /* ParsableProtocol.swift */,
				4BC307D92180DE8900C2C496 /* ParserError.swift */,
				4BC307DB2180E6F300C2C496 /* Parser+Parckets.swift */,
				4BC307DD218600A700C2C496 /* Parser+PropertyListener.swift */,
			);
			path = Parsable;
			sourceTree = "<group>";
		};
/* End PBXGroup section */

/* Begin PBXNativeTarget section */
		4BD9D3BC217E2BBA000073B4 /* simplePlayer */ = {
			isa = PBXNativeTarget;
			buildConfigurationList = 4BD9D3DA217E2BBC000073B4 /* Build configuration list for PBXNativeTarget "simplePlayer" */;
			buildPhases = (
				4BD9D3B9217E2BBA000073B4 /* Sources */,
				4BD9D3BA217E2BBA000073B4 /* Frameworks */,
				4BD9D3BB217E2BBA000073B4 /* Resources */,
			);
			buildRules = (
			);
			dependencies = (
			);
			name = simplePlayer;
			productName = simplePlayer;
			productReference = 4BD9D3BD217E2BBA000073B4 /* simplePlayer.app */;
			productType = "com.apple.product-type.application";
		};
		4BD9D3D0217E2BBC000073B4 /* simplePlayerTests */ = {
			isa = PBXNativeTarget;
			buildConfigurationList = 4BD9D3DD217E2BBC000073B4 /* Build configuration list for PBXNativeTarget "simplePlayerTests" */;
			buildPhases = (
				4BD9D3CD217E2BBC000073B4 /* Sources */,
				4BD9D3CE217E2BBC000073B4 /* Frameworks */,
				4BD9D3CF217E2BBC000073B4 /* Resources */,
			);
			buildRules = (
			);
			dependencies = (
				4BD9D3D3217E2BBC000073B4 /* PBXTargetDependency */,
			);
			name = simplePlayerTests;
			productName = simplePlayerTests;
			productReference = 4BD9D3D1217E2BBC000073B4 /* simplePlayerTests.xctest */;
			productType = "com.apple.product-type.bundle.unit-test";
		};
/* End PBXNativeTarget section */

/* Begin PBXProject section */
		4BD9D3B5217E2BB9000073B4 /* Project object */ = {
			isa = PBXProject;
			attributes = {
				LastSwiftUpdateCheck = 1000;
				LastUpgradeCheck = 1000;
				ORGANIZATIONNAME = "Brian D Keane";
				TargetAttributes = {
					4BD9D3BC217E2BBA000073B4 = {
						CreatedOnToolsVersion = 10.0;
					};
					4BD9D3D0217E2BBC000073B4 = {
						CreatedOnToolsVersion = 10.0;
						TestTargetID = 4BD9D3BC217E2BBA000073B4;
					};
				};
			};
			buildConfigurationList = 4BD9D3B8217E2BB9000073B4 /* Build configuration list for PBXProject "simplePlayer" */;
			compatibilityVersion = "Xcode 9.3";
			developmentRegion = en;
			hasScannedForEncodings = 0;
			knownRegions = (
				en,
				Base,
			);
			mainGroup = 4BD9D3B4217E2BB9000073B4;
			productRefGroup = 4BD9D3BE217E2BBA000073B4 /* Products */;
			projectDirPath = "";
			projectRoot = "";
			targets = (
				4BD9D3BC217E2BBA000073B4 /* simplePlayer */,
				4BD9D3D0217E2BBC000073B4 /* simplePlayerTests */,
			);
		};
/* End PBXProject section */

/* Begin PBXResourcesBuildPhase section */
		4BD9D3BB217E2BBA000073B4 /* Resources */ = {
			isa = PBXResourcesBuildPhase;
			buildActionMask = 2147483647;
			files = (
				4BD9D3E5217E35C2000073B4 /* hihat.wav in Resources */,
				4BD9D3CB217E2BBC000073B4 /* LaunchScreen.storyboard in Resources */,
				4BD9D3C8217E2BBC000073B4 /* Assets.xcassets in Resources */,
				4BD9D3C6217E2BBA000073B4 /* Main.storyboard in Resources */,
			);
			runOnlyForDeploymentPostprocessing = 0;
		};
		4BD9D3CF217E2BBC000073B4 /* Resources */ = {
			isa = PBXResourcesBuildPhase;
			buildActionMask = 2147483647;
			files = (
			);
			runOnlyForDeploymentPostprocessing = 0;
		};
/* End PBXResourcesBuildPhase section */

/* Begin PBXSourcesBuildPhase section */
		4BD9D3B9217E2BBA000073B4 /* Sources */ = {
			isa = PBXSourcesBuildPhase;
			buildActionMask = 2147483647;
			files = (
				4BD9D3C3217E2BBA000073B4 /* ViewController.swift in Sources */,
				4BD9D3C1217E2BBA000073B4 /* AppDelegate.swift in Sources */,
				4BD9D3EE217E3B72000073B4 /* Downloader.swift in Sources */,
				4BC307DC2180E6F300C2C496 /* Parser+Parckets.swift in Sources */,
				4BC307E3218602C800C2C496 /* ReaderError.swift in Sources */,
				4BD9D3E9217E3AF0000073B4 /* DownloadableDelegateProtocol.swift in Sources */,
				4BC307DA2180DE8900C2C496 /* ParserError.swift in Sources */,
				4BC307E12186017500C2C496 /* Reader.swift in Sources */,
				4BC307E82186063700C2C496 /* Reader+Converter.swift in Sources */,
				4BD9D3F3217E547D000073B4 /* Parser.swift in Sources */,
				4BD9D3E7217E3A38000073B4 /* DownloadableProtocol.swift in Sources */,
				4BD9D3EB217E3B21000073B4 /* DownloadableState.swift in Sources */,
				4BD9D3F1217E50FE000073B4 /* ParsableProtocol.swift in Sources */,
				4BC307DE218600A700C2C496 /* Parser+PropertyListener.swift in Sources */,
				4BC307E52186032800C2C496 /* ReadableProtocol.swift in Sources */,
			);
			runOnlyForDeploymentPostprocessing = 0;
		};
		4BD9D3CD217E2BBC000073B4 /* Sources */ = {
			isa = PBXSourcesBuildPhase;
			buildActionMask = 2147483647;
			files = (
				4BD9D3D6217E2BBC000073B4 /* simplePlayerTests.swift in Sources */,
			);
			runOnlyForDeploymentPostprocessing = 0;
		};
/* End PBXSourcesBuildPhase section */

/* Begin PBXTargetDependency section */
		4BD9D3D3217E2BBC000073B4 /* PBXTargetDependency */ = {
			isa = PBXTargetDependency;
			target = 4BD9D3BC217E2BBA000073B4 /* simplePlayer */;
			targetProxy = 4BD9D3D2217E2BBC000073B4 /* PBXContainerItemProxy */;
		};
/* End PBXTargetDependency section */

/* Begin PBXVariantGroup section */
		4BD9D3C4217E2BBA000073B4 /* Main.storyboard */ = {
			isa = PBXVariantGroup;
			children = (
				4BD9D3C5217E2BBA000073B4 /* Base */,
			);
			name = Main.storyboard;
			sourceTree = "<group>";
		};
		4BD9D3C9217E2BBC000073B4 /* LaunchScreen.storyboard */ = {
			isa = PBXVariantGroup;
			children = (
				4BD9D3CA217E2BBC000073B4 /* Base */,
			);
			name = LaunchScreen.storyboard;
			sourceTree = "<group>";
		};
/* End PBXVariantGroup section */

/* Begin XCBuildConfiguration section */
		4BD9D3D8217E2BBC000073B4 /* Debug */ = {
			isa = XCBuildConfiguration;
			buildSettings = {
				ALWAYS_SEARCH_USER_PATHS = NO;
				CLANG_ANALYZER_NONNULL = YES;
				CLANG_ANALYZER_NUMBER_OBJECT_CONVERSION = YES_AGGRESSIVE;
				CLANG_CXX_LANGUAGE_STANDARD = "gnu++14";
				CLANG_CXX_LIBRARY = "libc++";
				CLANG_ENABLE_MODULES = YES;
				CLANG_ENABLE_OBJC_ARC = YES;
				CLANG_ENABLE_OBJC_WEAK = YES;
				CLANG_WARN_BLOCK_CAPTURE_AUTORELEASING = YES;
				CLANG_WARN_BOOL_CONVERSION = YES;
				CLANG_WARN_COMMA = YES;
				CLANG_WARN_CONSTANT_CONVERSION = YES;
				CLANG_WARN_DEPRECATED_OBJC_IMPLEMENTATIONS = YES;
				CLANG_WARN_DIRECT_OBJC_ISA_USAGE = YES_ERROR;
				CLANG_WARN_DOCUMENTATION_COMMENTS = YES;
				CLANG_WARN_EMPTY_BODY = YES;
				CLANG_WARN_ENUM_CONVERSION = YES;
				CLANG_WARN_INFINITE_RECURSION = YES;
				CLANG_WARN_INT_CONVERSION = YES;
				CLANG_WARN_NON_LITERAL_NULL_CONVERSION = YES;
				CLANG_WARN_OBJC_IMPLICIT_RETAIN_SELF = YES;
				CLANG_WARN_OBJC_LITERAL_CONVERSION = YES;
				CLANG_WARN_OBJC_ROOT_CLASS = YES_ERROR;
				CLANG_WARN_RANGE_LOOP_ANALYSIS = YES;
				CLANG_WARN_STRICT_PROTOTYPES = YES;
				CLANG_WARN_SUSPICIOUS_MOVE = YES;
				CLANG_WARN_UNGUARDED_AVAILABILITY = YES_AGGRESSIVE;
				CLANG_WARN_UNREACHABLE_CODE = YES;
				CLANG_WARN__DUPLICATE_METHOD_MATCH = YES;
				CODE_SIGN_IDENTITY = "iPhone Developer";
				COPY_PHASE_STRIP = NO;
				DEBUG_INFORMATION_FORMAT = dwarf;
				ENABLE_STRICT_OBJC_MSGSEND = YES;
				ENABLE_TESTABILITY = YES;
				GCC_C_LANGUAGE_STANDARD = gnu11;
				GCC_DYNAMIC_NO_PIC = NO;
				GCC_NO_COMMON_BLOCKS = YES;
				GCC_OPTIMIZATION_LEVEL = 0;
				GCC_PREPROCESSOR_DEFINITIONS = (
					"DEBUG=1",
					"$(inherited)",
				);
				GCC_WARN_64_TO_32_BIT_CONVERSION = YES;
				GCC_WARN_ABOUT_RETURN_TYPE = YES_ERROR;
				GCC_WARN_UNDECLARED_SELECTOR = YES;
				GCC_WARN_UNINITIALIZED_AUTOS = YES_AGGRESSIVE;
				GCC_WARN_UNUSED_FUNCTION = YES;
				GCC_WARN_UNUSED_VARIABLE = YES;
				IPHONEOS_DEPLOYMENT_TARGET = 12.0;
				MTL_ENABLE_DEBUG_INFO = INCLUDE_SOURCE;
				MTL_FAST_MATH = YES;
				ONLY_ACTIVE_ARCH = YES;
				SDKROOT = iphoneos;
				SWIFT_ACTIVE_COMPILATION_CONDITIONS = DEBUG;
				SWIFT_OPTIMIZATION_LEVEL = "-Onone";
			};
			name = Debug;
		};
		4BD9D3D9217E2BBC000073B4 /* Release */ = {
			isa = XCBuildConfiguration;
			buildSettings = {
				ALWAYS_SEARCH_USER_PATHS = NO;
				CLANG_ANALYZER_NONNULL = YES;
				CLANG_ANALYZER_NUMBER_OBJECT_CONVERSION = YES_AGGRESSIVE;
				CLANG_CXX_LANGUAGE_STANDARD = "gnu++14";
				CLANG_CXX_LIBRARY = "libc++";
				CLANG_ENABLE_MODULES = YES;
				CLANG_ENABLE_OBJC_ARC = YES;
				CLANG_ENABLE_OBJC_WEAK = YES;
				CLANG_WARN_BLOCK_CAPTURE_AUTORELEASING = YES;
				CLANG_WARN_BOOL_CONVERSION = YES;
				CLANG_WARN_COMMA = YES;
				CLANG_WARN_CONSTANT_CONVERSION = YES;
				CLANG_WARN_DEPRECATED_OBJC_IMPLEMENTATIONS = YES;
				CLANG_WARN_DIRECT_OBJC_ISA_USAGE = YES_ERROR;
				CLANG_WARN_DOCUMENTATION_COMMENTS = YES;
				CLANG_WARN_EMPTY_BODY = YES;
				CLANG_WARN_ENUM_CONVERSION = YES;
				CLANG_WARN_INFINITE_RECURSION = YES;
				CLANG_WARN_INT_CONVERSION = YES;
				CLANG_WARN_NON_LITERAL_NULL_CONVERSION = YES;
				CLANG_WARN_OBJC_IMPLICIT_RETAIN_SELF = YES;
				CLANG_WARN_OBJC_LITERAL_CONVERSION = YES;
				CLANG_WARN_OBJC_ROOT_CLASS = YES_ERROR;
				CLANG_WARN_RANGE_LOOP_ANALYSIS = YES;
				CLANG_WARN_STRICT_PROTOTYPES = YES;
				CLANG_WARN_SUSPICIOUS_MOVE = YES;
				CLANG_WARN_UNGUARDED_AVAILABILITY = YES_AGGRESSIVE;
				CLANG_WARN_UNREACHABLE_CODE = YES;
				CLANG_WARN__DUPLICATE_METHOD_MATCH = YES;
				CODE_SIGN_IDENTITY = "iPhone Developer";
				COPY_PHASE_STRIP = NO;
				DEBUG_INFORMATION_FORMAT = "dwarf-with-dsym";
				ENABLE_NS_ASSERTIONS = NO;
				ENABLE_STRICT_OBJC_MSGSEND = YES;
				GCC_C_LANGUAGE_STANDARD = gnu11;
				GCC_NO_COMMON_BLOCKS = YES;
				GCC_WARN_64_TO_32_BIT_CONVERSION = YES;
				GCC_WARN_ABOUT_RETURN_TYPE = YES_ERROR;
				GCC_WARN_UNDECLARED_SELECTOR = YES;
				GCC_WARN_UNINITIALIZED_AUTOS = YES_AGGRESSIVE;
				GCC_WARN_UNUSED_FUNCTION = YES;
				GCC_WARN_UNUSED_VARIABLE = YES;
				IPHONEOS_DEPLOYMENT_TARGET = 12.0;
				MTL_ENABLE_DEBUG_INFO = NO;
				MTL_FAST_MATH = YES;
				SDKROOT = iphoneos;
				SWIFT_COMPILATION_MODE = wholemodule;
				SWIFT_OPTIMIZATION_LEVEL = "-O";
				VALIDATE_PRODUCT = YES;
			};
			name = Release;
		};
		4BD9D3DB217E2BBC000073B4 /* Debug */ = {
			isa = XCBuildConfiguration;
			buildSettings = {
				ASSETCATALOG_COMPILER_APPICON_NAME = AppIcon;
				CODE_SIGN_STYLE = Automatic;
				DEVELOPMENT_TEAM = 896JR349G2;
				INFOPLIST_FILE = simplePlayer/Info.plist;
				LD_RUNPATH_SEARCH_PATHS = (
					"$(inherited)",
					"@executable_path/Frameworks",
				);
				PRODUCT_BUNDLE_IDENTIFIER = fm.playola.simplePlayer;
				PRODUCT_NAME = "$(TARGET_NAME)";
				SWIFT_VERSION = 4.2;
				TARGETED_DEVICE_FAMILY = "1,2";
			};
			name = Debug;
		};
		4BD9D3DC217E2BBC000073B4 /* Release */ = {
			isa = XCBuildConfiguration;
			buildSettings = {
				ASSETCATALOG_COMPILER_APPICON_NAME = AppIcon;
				CODE_SIGN_STYLE = Automatic;
				DEVELOPMENT_TEAM = 896JR349G2;
				INFOPLIST_FILE = simplePlayer/Info.plist;
				LD_RUNPATH_SEARCH_PATHS = (
					"$(inherited)",
					"@executable_path/Frameworks",
				);
				PRODUCT_BUNDLE_IDENTIFIER = fm.playola.simplePlayer;
				PRODUCT_NAME = "$(TARGET_NAME)";
				SWIFT_VERSION = 4.2;
				TARGETED_DEVICE_FAMILY = "1,2";
			};
			name = Release;
		};
		4BD9D3DE217E2BBC000073B4 /* Debug */ = {
			isa = XCBuildConfiguration;
			buildSettings = {
				ALWAYS_EMBED_SWIFT_STANDARD_LIBRARIES = YES;
				BUNDLE_LOADER = "$(TEST_HOST)";
				CODE_SIGN_STYLE = Automatic;
				DEVELOPMENT_TEAM = 896JR349G2;
				INFOPLIST_FILE = simplePlayerTests/Info.plist;
				LD_RUNPATH_SEARCH_PATHS = (
					"$(inherited)",
					"@executable_path/Frameworks",
					"@loader_path/Frameworks",
				);
				PRODUCT_BUNDLE_IDENTIFIER = fm.playola.simplePlayerTests;
				PRODUCT_NAME = "$(TARGET_NAME)";
				SWIFT_VERSION = 4.2;
				TARGETED_DEVICE_FAMILY = "1,2";
				TEST_HOST = "$(BUILT_PRODUCTS_DIR)/simplePlayer.app/simplePlayer";
			};
			name = Debug;
		};
		4BD9D3DF217E2BBC000073B4 /* Release */ = {
			isa = XCBuildConfiguration;
			buildSettings = {
				ALWAYS_EMBED_SWIFT_STANDARD_LIBRARIES = YES;
				BUNDLE_LOADER = "$(TEST_HOST)";
				CODE_SIGN_STYLE = Automatic;
				DEVELOPMENT_TEAM = 896JR349G2;
				INFOPLIST_FILE = simplePlayerTests/Info.plist;
				LD_RUNPATH_SEARCH_PATHS = (
					"$(inherited)",
					"@executable_path/Frameworks",
					"@loader_path/Frameworks",
				);
				PRODUCT_BUNDLE_IDENTIFIER = fm.playola.simplePlayerTests;
				PRODUCT_NAME = "$(TARGET_NAME)";
				SWIFT_VERSION = 4.2;
				TARGETED_DEVICE_FAMILY = "1,2";
				TEST_HOST = "$(BUILT_PRODUCTS_DIR)/simplePlayer.app/simplePlayer";
			};
			name = Release;
		};
/* End XCBuildConfiguration section */

/* Begin XCConfigurationList section */
		4BD9D3B8217E2BB9000073B4 /* Build configuration list for PBXProject "simplePlayer" */ = {
			isa = XCConfigurationList;
			buildConfigurations = (
				4BD9D3D8217E2BBC000073B4 /* Debug */,
				4BD9D3D9217E2BBC000073B4 /* Release */,
			);
			defaultConfigurationIsVisible = 0;
			defaultConfigurationName = Release;
		};
		4BD9D3DA217E2BBC000073B4 /* Build configuration list for PBXNativeTarget "simplePlayer" */ = {
			isa = XCConfigurationList;
			buildConfigurations = (
				4BD9D3DB217E2BBC000073B4 /* Debug */,
				4BD9D3DC217E2BBC000073B4 /* Release */,
			);
			defaultConfigurationIsVisible = 0;
			defaultConfigurationName = Release;
		};
		4BD9D3DD217E2BBC000073B4 /* Build configuration list for PBXNativeTarget "simplePlayerTests" */ = {
			isa = XCConfigurationList;
			buildConfigurations = (
				4BD9D3DE217E2BBC000073B4 /* Debug */,
				4BD9D3DF217E2BBC000073B4 /* Release */,
			);
			defaultConfigurationIsVisible = 0;
			defaultConfigurationName = Release;
		};
/* End XCConfigurationList section */
	};
	rootObject = 4BD9D3B5217E2BB9000073B4 /* Project object */;
}
